{
  "name": "dot-get-ts",
  "version": "0.0.1",
  "lockfileVersion": 2,
  "requires": true,
  "packages": {
    "": {
      "name": "dot-get-ts",
      "version": "0.0.1",
      "license": "MIT",
      "dependencies": {
        "dlv": "^1.1.3"
      },
      "devDependencies": {
        "@types/dlv": "^1.1.2",
        "type-fest": "^2.16.0",
        "typescript": "^4.7.4"
      }
    },
    "node_modules/@types/dlv": {
      "version": "1.1.2",
      "resolved": "https://registry.npmjs.org/@types/dlv/-/dlv-1.1.2.tgz",
      "integrity": "sha512-OyiZ3jEKu7RtGO1yp9oOdK0cTwZ/10oE9PDJ6fyN3r9T5wkyOcvr6awdugjYdqF6KVO5eUvt7jx7rk2Eylufow==",
      "dev": true
    },
    "node_modules/dlv": {
      "version": "1.1.3",
      "resolved": "https://registry.npmjs.org/dlv/-/dlv-1.1.3.tgz",
      "integrity": "sha512-+HlytyjlPKnIG8XuRG8WvmBP8xs8P71y+SKKS6ZXWoEgLuePxtDoUEiH7WkdePWrQ5JBpE6aoVqfZfJUQkjXwA=="
    },
    "node_modules/type-fest": {
      "version": "2.16.0",
      "resolved": "https://registry.npmjs.org/type-fest/-/type-fest-2.16.0.tgz",
      "integrity": "sha512-qpaThT2HQkFb83gMOrdKVsfCN7LKxP26Yq+smPzY1FqoHRjqmjqHXA7n5Gkxi8efirtbeEUxzfEdePthQWCuHw==",
      "dev": true,
      "engines": {
        "node": ">=12.20"
      },
      "funding": {
        "url": "https://github.com/sponsors/sindresorhus"
      }
    },
    "node_modules/typescript": {
      "version": "4.7.4",
      "resolved": "https://registry.npmjs.org/typescript/-/typescript-4.7.4.tgz",
      "integrity": "sha512-C0WQT0gezHuw6AdY1M2jxUO83Rjf0HP7Sk1DtXj6j1EwkQNZrHAg2XPWlq62oqEhYvONq5pkC2Y9oPljWToLmQ==",
      "dev": true,
      "bin": {
        "tsc": "bin/tsc",
        "tsserver": "bin/tsserver"
      },
      "engines": {
        "node": ">=4.2.0"
      }
    }
  },
  "dependencies": {
    "@types/dlv": {
      "version": "1.1.2",
      "resolved": "https://registry.npmjs.org/@types/dlv/-/dlv-1.1.2.tgz",
      "integrity": "sha512-OyiZ3jEKu7RtGO1yp9oOdK0cTwZ/10oE9PDJ6fyN3r9T5wkyOcvr6awdugjYdqF6KVO5eUvt7jx7rk2Eylufow==",
      "dev": true
    },
    "dlv": {
      "version": "1.1.3",
      "resolved": "https://registry.npmjs.org/dlv/-/dlv-1.1.3.tgz",
      "integrity": "sha512-+HlytyjlPKnIG8XuRG8WvmBP8xs8P71y+SKKS6ZXWoEgLuePxtDoUEiH7WkdePWrQ5JBpE6aoVqfZfJUQkjXwA=="
    },
    "type-fest": {
      "version": "2.16.0",
      "resolved": "https://registry.npmjs.org/type-fest/-/type-fest-2.16.0.tgz",
      "integrity": "sha512-qpaThT2HQkFb83gMOrdKVsfCN7LKxP26Yq+smPzY1FqoHRjqmjqHXA7n5Gkxi8efirtbeEUxzfEdePthQWCuHw==",
      "dev": true
    },
    "typescript": {
      "version": "4.7.4",
      "resolved": "https://registry.npmjs.org/typescript/-/typescript-4.7.4.tgz",
      "integrity": "sha512-C0WQT0gezHuw6AdY1M2jxUO83Rjf0HP7Sk1DtXj6j1EwkQNZrHAg2XPWlq62oqEhYvONq5pkC2Y9oPljWToLmQ==",
      "dev": true
    }
  }
}
